
Microsoft Visual Studio Solution File, Format Version 12.00
# Visual Studio Version 16
VisualStudioVersion = 16.0.29905.134
MinimumVisualStudioVersion = 10.0.40219.1
Project("{FAE04EC0-301F-11D3-BF4B-00C04F79EFBC}") = "MyRead.Web", "MyRead.Web\MyRead.Web.csproj", "{42893E8F-8700-486A-BEEA-889D573995A1}"
EndProject
Project("{FAE04EC0-301F-11D3-BF4B-00C04F79EFBC}") = "MyRead.Core", "MyRead.Core\MyRead.Core.csproj", "{90C97542-D76F-467B-BFAC-A1D5B17BA50E}"
EndProject
Project("{FAE04EC0-301F-11D3-BF4B-00C04F79EFBC}") = "MyRead.Data", "MyRead.Data\MyRead.Data.csproj", "{74CA97C7-C783-41B3-BBB8-46A6A1874D6E}"
EndProject
Global
	GlobalSection(SolutionConfigurationPlatforms) = preSolution
		Debug|Any CPU = Debug|Any CPU
		Release|Any CPU = Release|Any CPU
	EndGlobalSection
	GlobalSection(ProjectConfigurationPlatforms) = postSolution
		{42893E8F-8700-486A-BEEA-889D573995A1}.Debug|Any CPU.ActiveCfg = Debug|Any CPU
		{42893E8F-8700-486A-BEEA-889D573995A1}.Debug|Any CPU.Build.0 = Debug|Any CPU
		{42893E8F-8700-486A-BEEA-889D573995A1}.Release|Any CPU.ActiveCfg = Release|Any CPU
		{42893E8F-8700-486A-BEEA-889D573995A1}.Release|Any CPU.Build.0 = Release|Any CPU
		{90C97542-D76F-467B-BFAC-A1D5B17BA50E}.Debug|Any CPU.ActiveCfg = Debug|Any CPU
		{90C97542-D76F-467B-BFAC-A1D5B17BA50E}.Debug|Any CPU.Build.0 = Debug|Any CPU
		{90C97542-D76F-467B-BFAC-A1D5B17BA50E}.Release|Any CPU.ActiveCfg = Release|Any CPU
		{90C97542-D76F-467B-BFAC-A1D5B17BA50E}.Release|Any CPU.Build.0 = Release|Any CPU
		{74CA97C7-C783-41B3-BBB8-46A6A1874D6E}.Debug|Any CPU.ActiveCfg = Debug|Any CPU
		{74CA97C7-C783-41B3-BBB8-46A6A1874D6E}.Debug|Any CPU.Build.0 = Debug|Any CPU
		{74CA97C7-C783-41B3-BBB8-46A6A1874D6E}.Release|Any CPU.ActiveCfg = Release|Any CPU
		{74CA97C7-C783-41B3-BBB8-46A6A1874D6E}.Release|Any CPU.Build.0 = Release|Any CPU
	EndGlobalSection
	GlobalSection(SolutionProperties) = preSolution
		HideSolutionNode = FALSE
	EndGlobalSection
	GlobalSection(ExtensibilityGlobals) = postSolution
		SolutionGuid = {C386F93B-C188-448E-B480-1265F7478522}
	EndGlobalSection
EndGlobal
